
Microsoft Visual Studio Solution File, Format Version 12.00
# Visual Studio Version 17
VisualStudioVersion = 17.0.31903.59
MinimumVisualStudioVersion = 10.0.40219.1
Project("{2150E333-8FDC-42A3-9474-1A3956D46DE8}") = "server", "server", "{DAD03CFC-D5FA-AC94-41C7-9ABAB326F09E}"
EndProject
Project("{FAE04EC0-301F-11D3-BF4B-00C04F79EFBC}") = "Glance.Server", "server\Glance.Server.csproj", "{81B1E0C4-8D6A-4C56-A806-A3982E8423FB}"
EndProject
Project("{FAE04EC0-301F-11D3-BF4B-00C04F79EFBC}") = "Glance.Desktop", "desktop\Glance.Desktop.csproj", "{D2255F15-D28E-452E-9DBD-563ACAB319FF}"
EndProject
Project("{2150E333-8FDC-42A3-9474-1A3956D46DE8}") = "server.Tests", "server.Tests", "{5AA94DD5-0204-CEAB-F597-E0FE966C797A}"
EndProject
Project("{FAE04EC0-301F-11D3-BF4B-00C04F79EFBC}") = "Glance.Server.Tests", "server.Tests\Glance.Server.Tests.csproj", "{946520DA-9C6E-4C35-9017-68743FD00583}"
EndProject
Global
	GlobalSection(SolutionConfigurationPlatforms) = preSolution
		Debug|Any CPU = Debug|Any CPU
		Debug|x64 = Debug|x64
		Debug|x86 = Debug|x86
		Release|Any CPU = Release|Any CPU
		Release|x64 = Release|x64
		Release|x86 = Release|x86
	EndGlobalSection
	GlobalSection(ProjectConfigurationPlatforms) = postSolution
		{81B1E0C4-8D6A-4C56-A806-A3982E8423FB}.Debug|Any CPU.ActiveCfg = Debug|Any CPU
		{81B1E0C4-8D6A-4C56-A806-A3982E8423FB}.Debug|Any CPU.Build.0 = Debug|Any CPU
		{81B1E0C4-8D6A-4C56-A806-A3982E8423FB}.Debug|x64.ActiveCfg = Debug|Any CPU
		{81B1E0C4-8D6A-4C56-A806-A3982E8423FB}.Debug|x64.Build.0 = Debug|Any CPU
		{81B1E0C4-8D6A-4C56-A806-A3982E8423FB}.Debug|x86.ActiveCfg = Debug|Any CPU
		{81B1E0C4-8D6A-4C56-A806-A3982E8423FB}.Debug|x86.Build.0 = Debug|Any CPU
		{81B1E0C4-8D6A-4C56-A806-A3982E8423FB}.Release|Any CPU.ActiveCfg = Release|Any CPU
		{81B1E0C4-8D6A-4C56-A806-A3982E8423FB}.Release|Any CPU.Build.0 = Release|Any CPU
		{81B1E0C4-8D6A-4C56-A806-A3982E8423FB}.Release|x64.ActiveCfg = Release|Any CPU
		{81B1E0C4-8D6A-4C56-A806-A3982E8423FB}.Release|x64.Build.0 = Release|Any CPU
		{81B1E0C4-8D6A-4C56-A806-A3982E8423FB}.Release|x86.ActiveCfg = Release|Any CPU
		{81B1E0C4-8D6A-4C56-A806-A3982E8423FB}.Release|x86.Build.0 = Release|Any CPU
		{D2255F15-D28E-452E-9DBD-563ACAB319FF}.Debug|Any CPU.ActiveCfg = Debug|Any CPU
		{D2255F15-D28E-452E-9DBD-563ACAB319FF}.Debug|Any CPU.Build.0 = Debug|Any CPU
		{D2255F15-D28E-452E-9DBD-563ACAB319FF}.Debug|x64.ActiveCfg = Debug|Any CPU
		{D2255F15-D28E-452E-9DBD-563ACAB319FF}.Debug|x64.Build.0 = Debug|Any CPU
		{D2255F15-D28E-452E-9DBD-563ACAB319FF}.Debug|x86.ActiveCfg = Debug|Any CPU
		{D2255F15-D28E-452E-9DBD-563ACAB319FF}.Debug|x86.Build.0 = Debug|Any CPU
		{D2255F15-D28E-452E-9DBD-563ACAB319FF}.Release|Any CPU.ActiveCfg = Release|Any CPU
		{D2255F15-D28E-452E-9DBD-563ACAB319FF}.Release|Any CPU.Build.0 = Release|Any CPU
		{D2255F15-D28E-452E-9DBD-563ACAB319FF}.Release|x64.ActiveCfg = Release|Any CPU
		{D2255F15-D28E-452E-9DBD-563ACAB319FF}.Release|x64.Build.0 = Release|Any CPU
		{D2255F15-D28E-452E-9DBD-563ACAB319FF}.Release|x86.ActiveCfg = Release|Any CPU
		{D2255F15-D28E-452E-9DBD-563ACAB319FF}.Release|x86.Build.0 = Release|Any CPU
		{946520DA-9C6E-4C35-9017-68743FD00583}.Debug|Any CPU.ActiveCfg = Debug|Any CPU
		{946520DA-9C6E-4C35-9017-68743FD00583}.Debug|Any CPU.Build.0 = Debug|Any CPU
		{946520DA-9C6E-4C35-9017-68743FD00583}.Debug|x64.ActiveCfg = Debug|Any CPU
		{946520DA-9C6E-4C35-9017-68743FD00583}.Debug|x64.Build.0 = Debug|Any CPU
		{946520DA-9C6E-4C35-9017-68743FD00583}.Debug|x86.ActiveCfg = Debug|Any CPU
		{946520DA-9C6E-4C35-9017-68743FD00583}.Debug|x86.Build.0 = Debug|Any CPU
		{946520DA-9C6E-4C35-9017-68743FD00583}.Release|Any CPU.ActiveCfg = Release|Any CPU
		{946520DA-9C6E-4C35-9017-68743FD00583}.Release|Any CPU.Build.0 = Release|Any CPU
		{946520DA-9C6E-4C35-9017-68743FD00583}.Release|x64.ActiveCfg = Release|Any CPU
		{946520DA-9C6E-4C35-9017-68743FD00583}.Release|x64.Build.0 = Release|Any CPU
		{946520DA-9C6E-4C35-9017-68743FD00583}.Release|x86.ActiveCfg = Release|Any CPU
		{946520DA-9C6E-4C35-9017-68743FD00583}.Release|x86.Build.0 = Release|Any CPU
	EndGlobalSection
	GlobalSection(SolutionProperties) = preSolution
		HideSolutionNode = FALSE
	EndGlobalSection
	GlobalSection(NestedProjects) = preSolution
		{81B1E0C4-8D6A-4C56-A806-A3982E8423FB} = {DAD03CFC-D5FA-AC94-41C7-9ABAB326F09E}
		{D2255F15-D28E-452E-9DBD-563ACAB319FF} = {DAD03CFC-D5FA-AC94-41C7-9ABAB326F09E}
		{946520DA-9C6E-4C35-9017-68743FD00583} = {5AA94DD5-0204-CEAB-F597-E0FE966C797A}
	EndGlobalSection
EndGlobal
